
Microsoft Visual Studio Solution File, Format Version 12.00
# Visual Studio 2013
VisualStudioVersion = 12.0.30501.0
MinimumVisualStudioVersion = 10.0.40219.1
Project("{FAE04EC0-301F-11D3-BF4B-00C04F79EFBC}") = "stazkainos", "stazkainos\stazkainos.csproj", "{D63204C1-B1F2-4201-92D8-ACF54C2E1920}"
EndProject
Global
	GlobalSection(SolutionConfigurationPlatforms) = preSolution
		Debug|Any CPU = Debug|Any CPU
		Release|Any CPU = Release|Any CPU
	EndGlobalSection
	GlobalSection(ProjectConfigurationPlatforms) = postSolution
		{D63204C1-B1F2-4201-92D8-ACF54C2E1920}.Debug|Any CPU.ActiveCfg = Debug|Any CPU
		{D63204C1-B1F2-4201-92D8-ACF54C2E1920}.Debug|Any CPU.Build.0 = Debug|Any CPU
		{D63204C1-B1F2-4201-92D8-ACF54C2E1920}.Release|Any CPU.ActiveCfg = Release|Any CPU
		{D63204C1-B1F2-4201-92D8-ACF54C2E1920}.Release|Any CPU.Build.0 = Release|Any CPU
	EndGlobalSection
	GlobalSection(SolutionProperties) = preSolution
		HideSolutionNode = FALSE
	EndGlobalSection
EndGlobal
